
Microsoft Visual Studio Solution File, Format Version 12.00
# Visual Studio Version 16
VisualStudioVersion = 16.0.29123.89
MinimumVisualStudioVersion = 10.0.40219.1
Project("{FAE04EC0-301F-11D3-BF4B-00C04F79EFBC}") = "Rapidmine", "Rapidmine\Rapidmine.csproj", "{7D2DE48C-2678-4CFF-A46E-574856A70FB0}"
EndProject
Global
	GlobalSection(SolutionConfigurationPlatforms) = preSolution
		Debug|Any CPU = Debug|Any CPU
		Release|Any CPU = Release|Any CPU
	EndGlobalSection
	GlobalSection(ProjectConfigurationPlatforms) = postSolution
		{7D2DE48C-2678-4CFF-A46E-574856A70FB0}.Debug|Any CPU.ActiveCfg = Debug|Any CPU
		{7D2DE48C-2678-4CFF-A46E-574856A70FB0}.Debug|Any CPU.Build.0 = Debug|Any CPU
		{7D2DE48C-2678-4CFF-A46E-574856A70FB0}.Release|Any CPU.ActiveCfg = Release|Any CPU
		{7D2DE48C-2678-4CFF-A46E-574856A70FB0}.Release|Any CPU.Build.0 = Release|Any CPU
	EndGlobalSection
	GlobalSection(SolutionProperties) = preSolution
		HideSolutionNode = FALSE
	EndGlobalSection
	GlobalSection(ExtensibilityGlobals) = postSolution
		SolutionGuid = {D3575E09-991C-4F2C-A6F3-A5849B27E185}
	EndGlobalSection
EndGlobal
